
Microsoft Visual Studio Solution File, Format Version 12.00
# Visual Studio Version 16
VisualStudioVersion = 16.0.30611.23
MinimumVisualStudioVersion = 10.0.40219.1
Project("{9A19103F-16F7-4668-BE54-9A1E7A4F7556}") = "A_Basic", "Work\A_Basic.csproj", "{1BE13D62-CFE9-4278-830B-3BBA1141C3CA}"
EndProject
Project("{9A19103F-16F7-4668-BE54-9A1E7A4F7556}") = "B_ControlFlow", "B_ControlFlow\B_ControlFlow.csproj", "{8A801B75-F691-4EB1-B3E4-1CB0D50A3886}"
EndProject
Project("{9A19103F-16F7-4668-BE54-9A1E7A4F7556}") = "С_ArraysCollection", "С_ArraysCollection\С_ArraysCollection.csproj", "{209B897F-369D-4234-A997-2778EFB6BF82}"
EndProject
Project("{FAE04EC0-301F-11D3-BF4B-00C04F79EFBC}") = "D_OOP", "D_OOP\D_OOP.csproj", "{6943EDB8-79B9-4350-9A74-644668B00D57}"
EndProject
Global
	GlobalSection(SolutionConfigurationPlatforms) = preSolution
		Debug|Any CPU = Debug|Any CPU
		Release|Any CPU = Release|Any CPU
	EndGlobalSection
	GlobalSection(ProjectConfigurationPlatforms) = postSolution
		{1BE13D62-CFE9-4278-830B-3BBA1141C3CA}.Debug|Any CPU.ActiveCfg = Debug|Any CPU
		{1BE13D62-CFE9-4278-830B-3BBA1141C3CA}.Debug|Any CPU.Build.0 = Debug|Any CPU
		{1BE13D62-CFE9-4278-830B-3BBA1141C3CA}.Release|Any CPU.ActiveCfg = Release|Any CPU
		{1BE13D62-CFE9-4278-830B-3BBA1141C3CA}.Release|Any CPU.Build.0 = Release|Any CPU
		{8A801B75-F691-4EB1-B3E4-1CB0D50A3886}.Debug|Any CPU.ActiveCfg = Debug|Any CPU
		{8A801B75-F691-4EB1-B3E4-1CB0D50A3886}.Debug|Any CPU.Build.0 = Debug|Any CPU
		{8A801B75-F691-4EB1-B3E4-1CB0D50A3886}.Release|Any CPU.ActiveCfg = Release|Any CPU
		{8A801B75-F691-4EB1-B3E4-1CB0D50A3886}.Release|Any CPU.Build.0 = Release|Any CPU
		{209B897F-369D-4234-A997-2778EFB6BF82}.Debug|Any CPU.ActiveCfg = Debug|Any CPU
		{209B897F-369D-4234-A997-2778EFB6BF82}.Debug|Any CPU.Build.0 = Debug|Any CPU
		{209B897F-369D-4234-A997-2778EFB6BF82}.Release|Any CPU.ActiveCfg = Release|Any CPU
		{209B897F-369D-4234-A997-2778EFB6BF82}.Release|Any CPU.Build.0 = Release|Any CPU
		{6943EDB8-79B9-4350-9A74-644668B00D57}.Debug|Any CPU.ActiveCfg = Debug|Any CPU
		{6943EDB8-79B9-4350-9A74-644668B00D57}.Debug|Any CPU.Build.0 = Debug|Any CPU
		{6943EDB8-79B9-4350-9A74-644668B00D57}.Release|Any CPU.ActiveCfg = Release|Any CPU
		{6943EDB8-79B9-4350-9A74-644668B00D57}.Release|Any CPU.Build.0 = Release|Any CPU
	EndGlobalSection
	GlobalSection(SolutionProperties) = preSolution
		HideSolutionNode = FALSE
	EndGlobalSection
	GlobalSection(ExtensibilityGlobals) = postSolution
		SolutionGuid = {C9B43BD0-75F0-43A0-B496-BCC4D00D098E}
	EndGlobalSection
EndGlobal
